// !$*UTF8*$!
{
	archiveVersion = 1;
	classes = {
	};
	objectVersion = 56;
	objects = {

/* Begin PBXBuildFile section */
		7F735D112C3B8D060085DDB7 /* AppDelegate.swift in Sources */ = {isa = PBXBuildFile; fileRef = 7F735D102C3B8D060085DDB7 /* AppDelegate.swift */; };
		7F735D1A2C3B8D080085DDB7 /* Assets.xcassets in Resources */ = {isa = PBXBuildFile; fileRef = 7F735D192C3B8D080085DDB7 /* Assets.xcassets */; };
		7F735D1D2C3B8D080085DDB7 /* Base in Resources */ = {isa = PBXBuildFile; fileRef = 7F735D1C2C3B8D080085DDB7 /* Base */; };
		7F735D292C3B975D0085DDB7 /* Alamofire in Frameworks */ = {isa = PBXBuildFile; productRef = 7F735D282C3B975D0085DDB7 /* Alamofire */; };
		7F735D2F2C3BB8240085DDB7 /* FoodListService.swift in Sources */ = {isa = PBXBuildFile; fileRef = 7F735D2E2C3BB8240085DDB7 /* FoodListService.swift */; };
		7F735D312C3BCAE50085DDB7 /* Requestable.swift in Sources */ = {isa = PBXBuildFile; fileRef = 7F735D302C3BCAE50085DDB7 /* Requestable.swift */; };
		7F735D332C3BCAF10085DDB7 /* Responseable.swift in Sources */ = {isa = PBXBuildFile; fileRef = 7F735D322C3BCAF10085DDB7 /* Responseable.swift */; };
		7F735D372C3BCCCB0085DDB7 /* FoodListResponse.swift in Sources */ = {isa = PBXBuildFile; fileRef = 7F735D362C3BCCCB0085DDB7 /* FoodListResponse.swift */; };
		7F735D3B2C3BCEC80085DDB7 /* OrderFoodService.swift in Sources */ = {isa = PBXBuildFile; fileRef = 7F735D3A2C3BCEC80085DDB7 /* OrderFoodService.swift */; };
		7F735D3E2C3BD4340085DDB7 /* Cart.swift in Sources */ = {isa = PBXBuildFile; fileRef = 7F735D3D2C3BD4340085DDB7 /* Cart.swift */; };
		7F735D402C3BD54A0085DDB7 /* CartService.swift in Sources */ = {isa = PBXBuildFile; fileRef = 7F735D3F2C3BD54A0085DDB7 /* CartService.swift */; };
		7F735D432C3D2AD90085DDB7 /* FoodListTableViewCell.swift in Sources */ = {isa = PBXBuildFile; fileRef = 7F735D412C3D2AD90085DDB7 /* FoodListTableViewCell.swift */; };
		7F735D482C3D2FB80085DDB7 /* FoodListTableViewCell.xib in Resources */ = {isa = PBXBuildFile; fileRef = 7F735D472C3D2FB80085DDB7 /* FoodListTableViewCell.xib */; };
		7F7ED16A2C3FA1DD00764FBA /* HistoryTableViewCell.swift in Sources */ = {isa = PBXBuildFile; fileRef = 7F7ED1682C3FA1DD00764FBA /* HistoryTableViewCell.swift */; };
		7F7ED16B2C3FA1DD00764FBA /* HistoryTableViewCell.xib in Resources */ = {isa = PBXBuildFile; fileRef = 7F7ED1692C3FA1DD00764FBA /* HistoryTableViewCell.xib */; };
		7F8205BF2C3F9E0D00A73C9D /* HistoryViewController.swift in Sources */ = {isa = PBXBuildFile; fileRef = 7F8205BD2C3F9E0D00A73C9D /* HistoryViewController.swift */; };
		7F8205C02C3F9E0D00A73C9D /* HistoryViewController.xib in Resources */ = {isa = PBXBuildFile; fileRef = 7F8205BE2C3F9E0D00A73C9D /* HistoryViewController.xib */; };
		7FBF91CF2C3EE878002629C8 /* PaymentViewController.swift in Sources */ = {isa = PBXBuildFile; fileRef = 7FBF91CD2C3EE878002629C8 /* PaymentViewController.swift */; };
		7FBF91D02C3EE878002629C8 /* PaymentViewController.xib in Resources */ = {isa = PBXBuildFile; fileRef = 7FBF91CE2C3EE878002629C8 /* PaymentViewController.xib */; };
		7FFC0E302C3E357200BAEAAA /* CartDetailViewController.xib in Resources */ = {isa = PBXBuildFile; fileRef = 7FFC0E2F2C3E357200BAEAAA /* CartDetailViewController.xib */; };
		7FFC0E312C3E357200BAEAAA /* CartDetailViewController.swift in Sources */ = {isa = PBXBuildFile; fileRef = 7FFC0E2E2C3E357200BAEAAA /* CartDetailViewController.swift */; };
		7FFC0E342C3E358400BAEAAA /* CartDetailTableViewCell.xib in Resources */ = {isa = PBXBuildFile; fileRef = 7FFC0E332C3E358400BAEAAA /* CartDetailTableViewCell.xib */; };
		7FFC0E352C3E358400BAEAAA /* CartDetailTableViewCell.swift in Sources */ = {isa = PBXBuildFile; fileRef = 7FFC0E322C3E358400BAEAAA /* CartDetailTableViewCell.swift */; };
		7FFC0E3A2C3E452900BAEAAA /* ViewController.xib in Resources */ = {isa = PBXBuildFile; fileRef = 7FFC0E392C3E452900BAEAAA /* ViewController.xib */; };
		7FFC0E3B2C3E452900BAEAAA /* ViewController.swift in Sources */ = {isa = PBXBuildFile; fileRef = 7FFC0E382C3E452900BAEAAA /* ViewController.swift */; };
		7FFC0E3D2C3E5D8100BAEAAA /* HistoryService.swift in Sources */ = {isa = PBXBuildFile; fileRef = 7FFC0E3C2C3E5D8100BAEAAA /* HistoryService.swift */; };
/* End PBXBuildFile section */

/* Begin PBXFileReference section */
		7F735D0D2C3B8D060085DDB7 /* OnlineFoodApp.app */ = {isa = PBXFileReference; explicitFileType = wrapper.application; includeInIndex = 0; path = OnlineFoodApp.app; sourceTree = BUILT_PRODUCTS_DIR; };
		7F735D102C3B8D060085DDB7 /* AppDelegate.swift */ = {isa = PBXFileReference; lastKnownFileType = sourcecode.swift; path = AppDelegate.swift; sourceTree = "<group>"; };
		7F735D192C3B8D080085DDB7 /* Assets.xcassets */ = {isa = PBXFileReference; lastKnownFileType = folder.assetcatalog; path = Assets.xcassets; sourceTree = "<group>"; };
		7F735D1C2C3B8D080085DDB7 /* Base */ = {isa = PBXFileReference; lastKnownFileType = file.storyboard; name = Base; path = Base.lproj/LaunchScreen.storyboard; sourceTree = "<group>"; };
		7F735D1E2C3B8D080085DDB7 /* Info.plist */ = {isa = PBXFileReference; lastKnownFileType = text.plist.xml; path = Info.plist; sourceTree = "<group>"; };
		7F735D2E2C3BB8240085DDB7 /* FoodListService.swift */ = {isa = PBXFileReference; lastKnownFileType = sourcecode.swift; path = FoodListService.swift; sourceTree = "<group>"; };
		7F735D302C3BCAE50085DDB7 /* Requestable.swift */ = {isa = PBXFileReference; fileEncoding = 4; lastKnownFileType = sourcecode.swift; path = Requestable.swift; sourceTree = "<group>"; };
		7F735D322C3BCAF10085DDB7 /* Responseable.swift */ = {isa = PBXFileReference; fileEncoding = 4; lastKnownFileType = sourcecode.swift; path = Responseable.swift; sourceTree = "<group>"; };
		7F735D362C3BCCCB0085DDB7 /* FoodListResponse.swift */ = {isa = PBXFileReference; lastKnownFileType = sourcecode.swift; path = FoodListResponse.swift; sourceTree = "<group>"; };
		7F735D3A2C3BCEC80085DDB7 /* OrderFoodService.swift */ = {isa = PBXFileReference; lastKnownFileType = sourcecode.swift; path = OrderFoodService.swift; sourceTree = "<group>"; };
		7F735D3D2C3BD4340085DDB7 /* Cart.swift */ = {isa = PBXFileReference; lastKnownFileType = sourcecode.swift; path = Cart.swift; sourceTree = "<group>"; };
		7F735D3F2C3BD54A0085DDB7 /* CartService.swift */ = {isa = PBXFileReference; lastKnownFileType = sourcecode.swift; path = CartService.swift; sourceTree = "<group>"; };
		7F735D412C3D2AD90085DDB7 /* FoodListTableViewCell.swift */ = {isa = PBXFileReference; lastKnownFileType = sourcecode.swift; path = FoodListTableViewCell.swift; sourceTree = "<group>"; };
		7F735D472C3D2FB80085DDB7 /* FoodListTableViewCell.xib */ = {isa = PBXFileReference; fileEncoding = 4; lastKnownFileType = file.xib; path = FoodListTableViewCell.xib; sourceTree = "<group>"; };
		7F7ED1682C3FA1DD00764FBA /* HistoryTableViewCell.swift */ = {isa = PBXFileReference; lastKnownFileType = sourcecode.swift; path = HistoryTableViewCell.swift; sourceTree = "<group>"; };
		7F7ED1692C3FA1DD00764FBA /* HistoryTableViewCell.xib */ = {isa = PBXFileReference; lastKnownFileType = file.xib; path = HistoryTableViewCell.xib; sourceTree = "<group>"; };
		7F8205BD2C3F9E0D00A73C9D /* HistoryViewController.swift */ = {isa = PBXFileReference; lastKnownFileType = sourcecode.swift; path = HistoryViewController.swift; sourceTree = "<group>"; };
		7F8205BE2C3F9E0D00A73C9D /* HistoryViewController.xib */ = {isa = PBXFileReference; lastKnownFileType = file.xib; path = HistoryViewController.xib; sourceTree = "<group>"; };
		7FBF91CD2C3EE878002629C8 /* PaymentViewController.swift */ = {isa = PBXFileReference; lastKnownFileType = sourcecode.swift; path = PaymentViewController.swift; sourceTree = "<group>"; };
		7FBF91CE2C3EE878002629C8 /* PaymentViewController.xib */ = {isa = PBXFileReference; lastKnownFileType = file.xib; path = PaymentViewController.xib; sourceTree = "<group>"; };
		7FFC0E2E2C3E357200BAEAAA /* CartDetailViewController.swift */ = {isa = PBXFileReference; lastKnownFileType = sourcecode.swift; path = CartDetailViewController.swift; sourceTree = "<group>"; };
		7FFC0E2F2C3E357200BAEAAA /* CartDetailViewController.xib */ = {isa = PBXFileReference; lastKnownFileType = file.xib; path = CartDetailViewController.xib; sourceTree = "<group>"; };
		7FFC0E322C3E358400BAEAAA /* CartDetailTableViewCell.swift */ = {isa = PBXFileReference; lastKnownFileType = sourcecode.swift; path = CartDetailTableViewCell.swift; sourceTree = "<group>"; };
		7FFC0E332C3E358400BAEAAA /* CartDetailTableViewCell.xib */ = {isa = PBXFileReference; lastKnownFileType = file.xib; path = CartDetailTableViewCell.xib; sourceTree = "<group>"; };
		7FFC0E382C3E452900BAEAAA /* ViewController.swift */ = {isa = PBXFileReference; lastKnownFileType = sourcecode.swift; path = ViewController.swift; sourceTree = "<group>"; };
		7FFC0E392C3E452900BAEAAA /* ViewController.xib */ = {isa = PBXFileReference; lastKnownFileType = file.xib; path = ViewController.xib; sourceTree = "<group>"; };
		7FFC0E3C2C3E5D8100BAEAAA /* HistoryService.swift */ = {isa = PBXFileReference; lastKnownFileType = sourcecode.swift; path = HistoryService.swift; sourceTree = "<group>"; };
/* End PBXFileReference section */

/* Begin PBXFrameworksBuildPhase section */
		7F735D0A2C3B8D060085DDB7 /* Frameworks */ = {
			isa = PBXFrameworksBuildPhase;
			buildActionMask = 2147483647;
			files = (
				7F735D292C3B975D0085DDB7 /* Alamofire in Frameworks */,
			);
			runOnlyForDeploymentPostprocessing = 0;
		};
/* End PBXFrameworksBuildPhase section */

/* Begin PBXGroup section */
		7F735D042C3B8D060085DDB7 = {
			isa = PBXGroup;
			children = (
				7F735D0F2C3B8D060085DDB7 /* OnlineFoodApp */,
				7F735D0E2C3B8D060085DDB7 /* Products */,
			);
			sourceTree = "<group>";
		};
		7F735D0E2C3B8D060085DDB7 /* Products */ = {
			isa = PBXGroup;
			children = (
				7F735D0D2C3B8D060085DDB7 /* OnlineFoodApp.app */,
			);
			name = Products;
			sourceTree = "<group>";
		};
		7F735D0F2C3B8D060085DDB7 /* OnlineFoodApp */ = {
			isa = PBXGroup;
			children = (
				7F735D452C3D2AE70085DDB7 /* View */,
				7F735D342C3BCB2B0085DDB7 /* Service */,
				7F735D2D2C3BB80F0085DDB7 /* Networking */,
				7F735D102C3B8D060085DDB7 /* AppDelegate.swift */,
				7FFC0E382C3E452900BAEAAA /* ViewController.swift */,
				7FFC0E392C3E452900BAEAAA /* ViewController.xib */,
				7F735D192C3B8D080085DDB7 /* Assets.xcassets */,
				7F735D1B2C3B8D080085DDB7 /* LaunchScreen.storyboard */,
				7F735D1E2C3B8D080085DDB7 /* Info.plist */,
			);
			path = OnlineFoodApp;
			sourceTree = "<group>";
		};
		7F735D2D2C3BB80F0085DDB7 /* Networking */ = {
			isa = PBXGroup;
			children = (
				7F735D322C3BCAF10085DDB7 /* Responseable.swift */,
				7F735D302C3BCAE50085DDB7 /* Requestable.swift */,
			);
			path = Networking;
			sourceTree = "<group>";
		};
		7F735D342C3BCB2B0085DDB7 /* Service */ = {
			isa = PBXGroup;
			children = (
				7FFC0E3E2C3E5DCE00BAEAAA /* History */,
				7F735D3C2C3BD4260085DDB7 /* Cart */,
				7F735D392C3BCEB50085DDB7 /* OrderFood */,
				7F735D352C3BCB410085DDB7 /* FoodList */,
			);
			path = Service;
			sourceTree = "<group>";
		};
		7F735D352C3BCB410085DDB7 /* FoodList */ = {
			isa = PBXGroup;
			children = (
				7F735D2E2C3BB8240085DDB7 /* FoodListService.swift */,
				7F735D362C3BCCCB0085DDB7 /* FoodListResponse.swift */,
			);
			path = FoodList;
			sourceTree = "<group>";
		};
		7F735D392C3BCEB50085DDB7 /* OrderFood */ = {
			isa = PBXGroup;
			children = (
				7F735D3A2C3BCEC80085DDB7 /* OrderFoodService.swift */,
			);
			path = OrderFood;
			sourceTree = "<group>";
		};
		7F735D3C2C3BD4260085DDB7 /* Cart */ = {
			isa = PBXGroup;
			children = (
				7F735D3D2C3BD4340085DDB7 /* Cart.swift */,
				7F735D3F2C3BD54A0085DDB7 /* CartService.swift */,
			);
			path = Cart;
			sourceTree = "<group>";
		};
		7F735D452C3D2AE70085DDB7 /* View */ = {
			isa = PBXGroup;
			children = (
				7F8205BC2C3F9DF900A73C9D /* History */,
				7FBF91CC2C3EE86A002629C8 /* Payment */,
				7FFC0E2D2C3E2FEB00BAEAAA /* CartDetail */,
				7F735D462C3D2B020085DDB7 /* FoodList */,
			);
			path = View;
			sourceTree = "<group>";
		};
		7F735D462C3D2B020085DDB7 /* FoodList */ = {
			isa = PBXGroup;
			children = (
				7F735D412C3D2AD90085DDB7 /* FoodListTableViewCell.swift */,
				7F735D472C3D2FB80085DDB7 /* FoodListTableViewCell.xib */,
			);
			path = FoodList;
			sourceTree = "<group>";
		};
		7F8205BC2C3F9DF900A73C9D /* History */ = {
			isa = PBXGroup;
			children = (
				7F8205BD2C3F9E0D00A73C9D /* HistoryViewController.swift */,
				7F8205BE2C3F9E0D00A73C9D /* HistoryViewController.xib */,
				7F7ED1682C3FA1DD00764FBA /* HistoryTableViewCell.swift */,
				7F7ED1692C3FA1DD00764FBA /* HistoryTableViewCell.xib */,
			);
			path = History;
			sourceTree = "<group>";
		};
		7FBF91CC2C3EE86A002629C8 /* Payment */ = {
			isa = PBXGroup;
			children = (
				7FBF91CD2C3EE878002629C8 /* PaymentViewController.swift */,
				7FBF91CE2C3EE878002629C8 /* PaymentViewController.xib */,
			);
			path = Payment;
			sourceTree = "<group>";
		};
		7FFC0E2D2C3E2FEB00BAEAAA /* CartDetail */ = {
			isa = PBXGroup;
			children = (
				7FFC0E2E2C3E357200BAEAAA /* CartDetailViewController.swift */,
				7FFC0E2F2C3E357200BAEAAA /* CartDetailViewController.xib */,
				7FFC0E322C3E358400BAEAAA /* CartDetailTableViewCell.swift */,
				7FFC0E332C3E358400BAEAAA /* CartDetailTableViewCell.xib */,
			);
			path = CartDetail;
			sourceTree = "<group>";
		};
		7FFC0E3E2C3E5DCE00BAEAAA /* History */ = {
			isa = PBXGroup;
			children = (
				7FFC0E3C2C3E5D8100BAEAAA /* HistoryService.swift */,
			);
			path = History;
			sourceTree = "<group>";
		};
/* End PBXGroup section */

/* Begin PBXNativeTarget section */
		7F735D0C2C3B8D060085DDB7 /* OnlineFoodApp */ = {
			isa = PBXNativeTarget;
			buildConfigurationList = 7F735D212C3B8D080085DDB7 /* Build configuration list for PBXNativeTarget "OnlineFoodApp" */;
			buildPhases = (
				7F735D092C3B8D060085DDB7 /* Sources */,
				7F735D0A2C3B8D060085DDB7 /* Frameworks */,
				7F735D0B2C3B8D060085DDB7 /* Resources */,
			);
			buildRules = (
			);
			dependencies = (
			);
			name = OnlineFoodApp;
			packageProductDependencies = (
				7F735D282C3B975D0085DDB7 /* Alamofire */,
			);
			productName = OnlineFoodApp;
			productReference = 7F735D0D2C3B8D060085DDB7 /* OnlineFoodApp.app */;
			productType = "com.apple.product-type.application";
		};
/* End PBXNativeTarget section */

/* Begin PBXProject section */
		7F735D052C3B8D060085DDB7 /* Project object */ = {
			isa = PBXProject;
			attributes = {
				BuildIndependentTargetsInParallel = 1;
				LastSwiftUpdateCheck = 1540;
				LastUpgradeCheck = 1540;
				TargetAttributes = {
					7F735D0C2C3B8D060085DDB7 = {
						CreatedOnToolsVersion = 15.4;
					};
				};
			};
			buildConfigurationList = 7F735D082C3B8D060085DDB7 /* Build configuration list for PBXProject "OnlineFoodApp" */;
			compatibilityVersion = "Xcode 14.0";
			developmentRegion = en;
			hasScannedForEncodings = 0;
			knownRegions = (
				en,
				Base,
			);
			mainGroup = 7F735D042C3B8D060085DDB7;
			packageReferences = (
				7F735D272C3B975D0085DDB7 /* XCRemoteSwiftPackageReference "Alamofire" */,
			);
			productRefGroup = 7F735D0E2C3B8D060085DDB7 /* Products */;
			projectDirPath = "";
			projectRoot = "";
			targets = (
				7F735D0C2C3B8D060085DDB7 /* OnlineFoodApp */,
			);
		};
/* End PBXProject section */

/* Begin PBXResourcesBuildPhase section */
		7F735D0B2C3B8D060085DDB7 /* Resources */ = {
			isa = PBXResourcesBuildPhase;
			buildActionMask = 2147483647;
			files = (
				7FFC0E3A2C3E452900BAEAAA /* ViewController.xib in Resources */,
				7FFC0E302C3E357200BAEAAA /* CartDetailViewController.xib in Resources */,
				7FBF91D02C3EE878002629C8 /* PaymentViewController.xib in Resources */,
				7F8205C02C3F9E0D00A73C9D /* HistoryViewController.xib in Resources */,
				7F7ED16B2C3FA1DD00764FBA /* HistoryTableViewCell.xib in Resources */,
				7F735D1A2C3B8D080085DDB7 /* Assets.xcassets in Resources */,
				7F735D482C3D2FB80085DDB7 /* FoodListTableViewCell.xib in Resources */,
				7F735D1D2C3B8D080085DDB7 /* Base in Resources */,
				7FFC0E342C3E358400BAEAAA /* CartDetailTableViewCell.xib in Resources */,
			);
			runOnlyForDeploymentPostprocessing = 0;
		};
/* End PBXResourcesBuildPhase section */

/* Begin PBXSourcesBuildPhase section */
		7F735D092C3B8D060085DDB7 /* Sources */ = {
			isa = PBXSourcesBuildPhase;
			buildActionMask = 2147483647;
			files = (
				7F735D312C3BCAE50085DDB7 /* Requestable.swift in Sources */,
				7FFC0E3D2C3E5D8100BAEAAA /* HistoryService.swift in Sources */,
				7F735D3E2C3BD4340085DDB7 /* Cart.swift in Sources */,
				7F8205BF2C3F9E0D00A73C9D /* HistoryViewController.swift in Sources */,
				7F735D372C3BCCCB0085DDB7 /* FoodListResponse.swift in Sources */,
				7F735D402C3BD54A0085DDB7 /* CartService.swift in Sources */,
				7FFC0E352C3E358400BAEAAA /* CartDetailTableViewCell.swift in Sources */,
				7FFC0E312C3E357200BAEAAA /* CartDetailViewController.swift in Sources */,
				7FBF91CF2C3EE878002629C8 /* PaymentViewController.swift in Sources */,
				7F735D112C3B8D060085DDB7 /* AppDelegate.swift in Sources */,
				7F7ED16A2C3FA1DD00764FBA /* HistoryTableViewCell.swift in Sources */,
				7FFC0E3B2C3E452900BAEAAA /* ViewController.swift in Sources */,
				7F735D2F2C3BB8240085DDB7 /* FoodListService.swift in Sources */,
				7F735D432C3D2AD90085DDB7 /* FoodListTableViewCell.swift in Sources */,
				7F735D332C3BCAF10085DDB7 /* Responseable.swift in Sources */,
				7F735D3B2C3BCEC80085DDB7 /* OrderFoodService.swift in Sources */,
			);
			runOnlyForDeploymentPostprocessing = 0;
		};
/* End PBXSourcesBuildPhase section */

/* Begin PBXVariantGroup section */
		7F735D1B2C3B8D080085DDB7 /* LaunchScreen.storyboard */ = {
			isa = PBXVariantGroup;
			children = (
				7F735D1C2C3B8D080085DDB7 /* Base */,
			);
			name = LaunchScreen.storyboard;
			sourceTree = "<group>";
		};
/* End PBXVariantGroup section */

/* Begin XCBuildConfiguration section */
		7F735D1F2C3B8D080085DDB7 /* Debug */ = {
			isa = XCBuildConfiguration;
			buildSettings = {
				ALWAYS_SEARCH_USER_PATHS = NO;
				ASSETCATALOG_COMPILER_GENERATE_SWIFT_ASSET_SYMBOL_EXTENSIONS = YES;
				CLANG_ANALYZER_NONNULL = YES;
				CLANG_ANALYZER_NUMBER_OBJECT_CONVERSION = YES_AGGRESSIVE;
				CLANG_CXX_LANGUAGE_STANDARD = "gnu++20";
				CLANG_ENABLE_MODULES = YES;
				CLANG_ENABLE_OBJC_ARC = YES;
				CLANG_ENABLE_OBJC_WEAK = YES;
				CLANG_WARN_BLOCK_CAPTURE_AUTORELEASING = YES;
				CLANG_WARN_BOOL_CONVERSION = YES;
				CLANG_WARN_COMMA = YES;
				CLANG_WARN_CONSTANT_CONVERSION = YES;
				CLANG_WARN_DEPRECATED_OBJC_IMPLEMENTATIONS = YES;
				CLANG_WARN_DIRECT_OBJC_ISA_USAGE = YES_ERROR;
				CLANG_WARN_DOCUMENTATION_COMMENTS = YES;
				CLANG_WARN_EMPTY_BODY = YES;
				CLANG_WARN_ENUM_CONVERSION = YES;
				CLANG_WARN_INFINITE_RECURSION = YES;
				CLANG_WARN_INT_CONVERSION = YES;
				CLANG_WARN_NON_LITERAL_NULL_CONVERSION = YES;
				CLANG_WARN_OBJC_IMPLICIT_RETAIN_SELF = YES;
				CLANG_WARN_OBJC_LITERAL_CONVERSION = YES;
				CLANG_WARN_OBJC_ROOT_CLASS = YES_ERROR;
				CLANG_WARN_QUOTED_INCLUDE_IN_FRAMEWORK_HEADER = YES;
				CLANG_WARN_RANGE_LOOP_ANALYSIS = YES;
				CLANG_WARN_STRICT_PROTOTYPES = YES;
				CLANG_WARN_SUSPICIOUS_MOVE = YES;
				CLANG_WARN_UNGUARDED_AVAILABILITY = YES_AGGRESSIVE;
				CLANG_WARN_UNREACHABLE_CODE = YES;
				CLANG_WARN__DUPLICATE_METHOD_MATCH = YES;
				COPY_PHASE_STRIP = NO;
				DEBUG_INFORMATION_FORMAT = dwarf;
				ENABLE_STRICT_OBJC_MSGSEND = YES;
				ENABLE_TESTABILITY = YES;
				ENABLE_USER_SCRIPT_SANDBOXING = YES;
				GCC_C_LANGUAGE_STANDARD = gnu17;
				GCC_DYNAMIC_NO_PIC = NO;
				GCC_NO_COMMON_BLOCKS = YES;
				GCC_OPTIMIZATION_LEVEL = 0;
				GCC_PREPROCESSOR_DEFINITIONS = (
					"DEBUG=1",
					"$(inherited)",
				);
				GCC_WARN_64_TO_32_BIT_CONVERSION = YES;
				GCC_WARN_ABOUT_RETURN_TYPE = YES_ERROR;
				GCC_WARN_UNDECLARED_SELECTOR = YES;
				GCC_WARN_UNINITIALIZED_AUTOS = YES_AGGRESSIVE;
				GCC_WARN_UNUSED_FUNCTION = YES;
				GCC_WARN_UNUSED_VARIABLE = YES;
				IPHONEOS_DEPLOYMENT_TARGET = 17.5;
				LOCALIZATION_PREFERS_STRING_CATALOGS = YES;
				MTL_ENABLE_DEBUG_INFO = INCLUDE_SOURCE;
				MTL_FAST_MATH = YES;
				ONLY_ACTIVE_ARCH = YES;
				SDKROOT = iphoneos;
				SWIFT_ACTIVE_COMPILATION_CONDITIONS = "DEBUG $(inherited)";
				SWIFT_OPTIMIZATION_LEVEL = "-Onone";
			};
			name = Debug;
		};
		7F735D202C3B8D080085DDB7 /* Release */ = {
			isa = XCBuildConfiguration;
			buildSettings = {
				ALWAYS_SEARCH_USER_PATHS = NO;
				ASSETCATALOG_COMPILER_GENERATE_SWIFT_ASSET_SYMBOL_EXTENSIONS = YES;
				CLANG_ANALYZER_NONNULL = YES;
				CLANG_ANALYZER_NUMBER_OBJECT_CONVERSION = YES_AGGRESSIVE;
				CLANG_CXX_LANGUAGE_STANDARD = "gnu++20";
				CLANG_ENABLE_MODULES = YES;
				CLANG_ENABLE_OBJC_ARC = YES;
				CLANG_ENABLE_OBJC_WEAK = YES;
				CLANG_WARN_BLOCK_CAPTURE_AUTORELEASING = YES;
				CLANG_WARN_BOOL_CONVERSION = YES;
				CLANG_WARN_COMMA = YES;
				CLANG_WARN_CONSTANT_CONVERSION = YES;
				CLANG_WARN_DEPRECATED_OBJC_IMPLEMENTATIONS = YES;
				CLANG_WARN_DIRECT_OBJC_ISA_USAGE = YES_ERROR;
				CLANG_WARN_DOCUMENTATION_COMMENTS = YES;
				CLANG_WARN_EMPTY_BODY = YES;
				CLANG_WARN_ENUM_CONVERSION = YES;
				CLANG_WARN_INFINITE_RECURSION = YES;
				CLANG_WARN_INT_CONVERSION = YES;
				CLANG_WARN_NON_LITERAL_NULL_CONVERSION = YES;
				CLANG_WARN_OBJC_IMPLICIT_RETAIN_SELF = YES;
				CLANG_WARN_OBJC_LITERAL_CONVERSION = YES;
				CLANG_WARN_OBJC_ROOT_CLASS = YES_ERROR;
				CLANG_WARN_QUOTED_INCLUDE_IN_FRAMEWORK_HEADER = YES;
				CLANG_WARN_RANGE_LOOP_ANALYSIS = YES;
				CLANG_WARN_STRICT_PROTOTYPES = YES;
				CLANG_WARN_SUSPICIOUS_MOVE = YES;
				CLANG_WARN_UNGUARDED_AVAILABILITY = YES_AGGRESSIVE;
				CLANG_WARN_UNREACHABLE_CODE = YES;
				CLANG_WARN__DUPLICATE_METHOD_MATCH = YES;
				COPY_PHASE_STRIP = NO;
				DEBUG_INFORMATION_FORMAT = "dwarf-with-dsym";
				ENABLE_NS_ASSERTIONS = NO;
				ENABLE_STRICT_OBJC_MSGSEND = YES;
				ENABLE_USER_SCRIPT_SANDBOXING = YES;
				GCC_C_LANGUAGE_STANDARD = gnu17;
				GCC_NO_COMMON_BLOCKS = YES;
				GCC_WARN_64_TO_32_BIT_CONVERSION = YES;
				GCC_WARN_ABOUT_RETURN_TYPE = YES_ERROR;
				GCC_WARN_UNDECLARED_SELECTOR = YES;
				GCC_WARN_UNINITIALIZED_AUTOS = YES_AGGRESSIVE;
				GCC_WARN_UNUSED_FUNCTION = YES;
				GCC_WARN_UNUSED_VARIABLE = YES;
				IPHONEOS_DEPLOYMENT_TARGET = 17.5;
				LOCALIZATION_PREFERS_STRING_CATALOGS = YES;
				MTL_ENABLE_DEBUG_INFO = NO;
				MTL_FAST_MATH = YES;
				SDKROOT = iphoneos;
				SWIFT_COMPILATION_MODE = wholemodule;
				VALIDATE_PRODUCT = YES;
			};
			name = Release;
		};
		7F735D222C3B8D080085DDB7 /* Debug */ = {
			isa = XCBuildConfiguration;
			buildSettings = {
				ASSETCATALOG_COMPILER_APPICON_NAME = AppIcon;
				ASSETCATALOG_COMPILER_GLOBAL_ACCENT_COLOR_NAME = AccentColor;
				CODE_SIGN_STYLE = Automatic;
				CURRENT_PROJECT_VERSION = 1;
				DEVELOPMENT_TEAM = 2972JMT968;
				GENERATE_INFOPLIST_FILE = YES;
				INFOPLIST_FILE = OnlineFoodApp/Info.plist;
				INFOPLIST_KEY_UIApplicationSupportsIndirectInputEvents = YES;
				INFOPLIST_KEY_UILaunchStoryboardName = LaunchScreen;
				INFOPLIST_KEY_UISupportedInterfaceOrientations_iPad = "UIInterfaceOrientationPortrait UIInterfaceOrientationPortraitUpsideDown UIInterfaceOrientationLandscapeLeft UIInterfaceOrientationLandscapeRight";
				INFOPLIST_KEY_UISupportedInterfaceOrientations_iPhone = "UIInterfaceOrientationPortrait UIInterfaceOrientationLandscapeLeft UIInterfaceOrientationLandscapeRight";
				LD_RUNPATH_SEARCH_PATHS = (
					"$(inherited)",
					"@executable_path/Frameworks",
				);
				MARKETING_VERSION = 1.0;
				PRODUCT_BUNDLE_IDENTIFIER = com.nafachri.OnlineFoodApp;
				PRODUCT_NAME = "$(TARGET_NAME)";
				SWIFT_EMIT_LOC_STRINGS = YES;
				SWIFT_VERSION = 5.0;
				TARGETED_DEVICE_FAMILY = "1,2";
			};
			name = Debug;
		};
		7F735D232C3B8D080085DDB7 /* Release */ = {
			isa = XCBuildConfiguration;
			buildSettings = {
				ASSETCATALOG_COMPILER_APPICON_NAME = AppIcon;
				ASSETCATALOG_COMPILER_GLOBAL_ACCENT_COLOR_NAME = AccentColor;
				CODE_SIGN_STYLE = Automatic;
				CURRENT_PROJECT_VERSION = 1;
				DEVELOPMENT_TEAM = 2972JMT968;
				GENERATE_INFOPLIST_FILE = YES;
				INFOPLIST_FILE = OnlineFoodApp/Info.plist;
				INFOPLIST_KEY_UIApplicationSupportsIndirectInputEvents = YES;
				INFOPLIST_KEY_UILaunchStoryboardName = LaunchScreen;
				INFOPLIST_KEY_UISupportedInterfaceOrientations_iPad = "UIInterfaceOrientationPortrait UIInterfaceOrientationPortraitUpsideDown UIInterfaceOrientationLandscapeLeft UIInterfaceOrientationLandscapeRight";
				INFOPLIST_KEY_UISupportedInterfaceOrientations_iPhone = "UIInterfaceOrientationPortrait UIInterfaceOrientationLandscapeLeft UIInterfaceOrientationLandscapeRight";
				LD_RUNPATH_SEARCH_PATHS = (
					"$(inherited)",
					"@executable_path/Frameworks",
				);
				MARKETING_VERSION = 1.0;
				PRODUCT_BUNDLE_IDENTIFIER = com.nafachri.OnlineFoodApp;
				PRODUCT_NAME = "$(TARGET_NAME)";
				SWIFT_EMIT_LOC_STRINGS = YES;
				SWIFT_VERSION = 5.0;
				TARGETED_DEVICE_FAMILY = "1,2";
			};
			name = Release;
		};
/* End XCBuildConfiguration section */

/* Begin XCConfigurationList section */
		7F735D082C3B8D060085DDB7 /* Build configuration list for PBXProject "OnlineFoodApp" */ = {
			isa = XCConfigurationList;
			buildConfigurations = (
				7F735D1F2C3B8D080085DDB7 /* Debug */,
				7F735D202C3B8D080085DDB7 /* Release */,
			);
			defaultConfigurationIsVisible = 0;
			defaultConfigurationName = Release;
		};
		7F735D212C3B8D080085DDB7 /* Build configuration list for PBXNativeTarget "OnlineFoodApp" */ = {
			isa = XCConfigurationList;
			buildConfigurations = (
				7F735D222C3B8D080085DDB7 /* Debug */,
				7F735D232C3B8D080085DDB7 /* Release */,
			);
			defaultConfigurationIsVisible = 0;
			defaultConfigurationName = Release;
		};
/* End XCConfigurationList section */

/* Begin XCRemoteSwiftPackageReference section */
		7F735D272C3B975D0085DDB7 /* XCRemoteSwiftPackageReference "Alamofire" */ = {
			isa = XCRemoteSwiftPackageReference;
			repositoryURL = "https://github.com/Alamofire/Alamofire.git";
			requirement = {
				kind = upToNextMajorVersion;
				minimumVersion = 5.9.1;
			};
		};
/* End XCRemoteSwiftPackageReference section */

/* Begin XCSwiftPackageProductDependency section */
		7F735D282C3B975D0085DDB7 /* Alamofire */ = {
			isa = XCSwiftPackageProductDependency;
			package = 7F735D272C3B975D0085DDB7 /* XCRemoteSwiftPackageReference "Alamofire" */;
			productName = Alamofire;
		};
/* End XCSwiftPackageProductDependency section */
	};
	rootObject = 7F735D052C3B8D060085DDB7 /* Project object */;
}
